github.com/go-logr/logr v1.4.1 h1:pKouT5E8xu9zeFC39JXRDukb6JFQPXM5p5I91188VAQ=
github.com/go-logr/logr v1.4.1/go.mod h1:9T104GzyrTigFIr8wt5mBrctHMim0Nb2HLGrmQ40KvY=
github.com/lingdor/magicarray v0.0.10 h1:/lIFFpDV2TaRlMypgqWNCUDinKqAezMgq9niHdkOow0=
github.com/lingdor/magicarray v0.0.10/go.mod h1:K02x3vdXllX7ITssuBt4OpSOFvMPE5J1uy+6Kw9VfDE=
github.com/lingdor/slog-context v0.0.0-20240308031303-f799b3efe71f h1:ZCApFhU7z25WiuA8LZxCr74/lwOMtCPEzm3+kgPtLbg=
github.com/lingdor/slog-context v0.0.0-20240308031303-f799b3efe71f/go.mod h1:iacfiJRhR++jcdWYVxYDSJfRscvzSROGKSexRihBS5E=
