github.com/go-sql-driver/mysql v1.7.1 h1:lUIinVbN1DY0xBg0eMOzmmtGoHwWBbvnWubQUrtU8EI=
github.com/go-sql-driver/mysql v1.7.1/go.mod h1:OXbVy3sEdcQ2Doequ6Z5BW6fXNQTmx+9S1MCJN5yJMI=
github.com/lingdor/magicarray v0.0.6 h1:Sc6OLItu9M5W1dUmVLaaU0qOi6oNgQ71GYcIrENQh/8=
github.com/lingdor/magicarray v0.0.6/go.mod h1:y+bzlLiWIOymEtvMEgf+BQlcRQQKdQuFmy3AB0MH9vI=
golang.org/x/exp v0.0.0-20231226003508-02704c960a9b h1:kLiC65FbiHWFAOu+lxwNPujcsl8VYyTYYEZnsOO1WK4=
golang.org/x/exp v0.0.0-20231226003508-02704c960a9b/go.mod h1:iRJReGqOEeBhDZGkGbynYwcHlctCvnjTYIamk7uXpHI=
